
Microsoft Visual Studio Solution File, Format Version 12.00
# Visual Studio Version 17
VisualStudioVersion = 17.10.35013.160
MinimumVisualStudioVersion = 10.0.40219.1
Project("{54A90642-561A-4BB1-A94E-469ADEE60C69}") = "easyorder", "easyorder.esproj", "{C1C0B7A7-368C-45AE-9FA5-98019FBF9AB0}"
EndProject
Global
	GlobalSection(SolutionConfigurationPlatforms) = preSolution
		Debug|Any CPU = Debug|Any CPU
		Release|Any CPU = Release|Any CPU
	EndGlobalSection
	GlobalSection(ProjectConfigurationPlatforms) = postSolution
		{C1C0B7A7-368C-45AE-9FA5-98019FBF9AB0}.Debug|Any CPU.ActiveCfg = Debug|Any CPU
		{C1C0B7A7-368C-45AE-9FA5-98019FBF9AB0}.Debug|Any CPU.Build.0 = Debug|Any CPU
		{C1C0B7A7-368C-45AE-9FA5-98019FBF9AB0}.Debug|Any CPU.Deploy.0 = Debug|Any CPU
		{C1C0B7A7-368C-45AE-9FA5-98019FBF9AB0}.Release|Any CPU.ActiveCfg = Release|Any CPU
		{C1C0B7A7-368C-45AE-9FA5-98019FBF9AB0}.Release|Any CPU.Build.0 = Release|Any CPU
		{C1C0B7A7-368C-45AE-9FA5-98019FBF9AB0}.Release|Any CPU.Deploy.0 = Release|Any CPU
	EndGlobalSection
	GlobalSection(SolutionProperties) = preSolution
		HideSolutionNode = FALSE
	EndGlobalSection
	GlobalSection(ExtensibilityGlobals) = postSolution
		SolutionGuid = {828B5463-D825-474A-B690-3FED36137948}
	EndGlobalSection
EndGlobal
